
Microsoft Visual Studio Solution File, Format Version 10.00
# Visual Studio 2008
Project("{FAE04EC0-301F-11D3-BF4B-00C04F79EFBC}") = "helpmebot6", "helpmebot6.csproj", "{295DFCE6-CE2A-4A15-AB43-9B9558C777F5}"
EndProject
Global
	GlobalSection(SubversionScc) = preSolution
		Svn-Managed = True
		Manager = AnkhSVN - Subversion Support for Visual Studio
	EndGlobalSection
	GlobalSection(SolutionConfigurationPlatforms) = preSolution
		Debug|Any CPU = Debug|Any CPU
		Release|Any CPU = Release|Any CPU
	EndGlobalSection
	GlobalSection(ProjectConfigurationPlatforms) = postSolution
		{295DFCE6-CE2A-4A15-AB43-9B9558C777F5}.Debug|Any CPU.ActiveCfg = Debug|Any CPU
		{295DFCE6-CE2A-4A15-AB43-9B9558C777F5}.Debug|Any CPU.Build.0 = Debug|Any CPU
		{295DFCE6-CE2A-4A15-AB43-9B9558C777F5}.Release|Any CPU.ActiveCfg = Release|Any CPU
		{295DFCE6-CE2A-4A15-AB43-9B9558C777F5}.Release|Any CPU.Build.0 = Release|Any CPU
	EndGlobalSection
	GlobalSection(SolutionProperties) = preSolution
		HideSolutionNode = FALSE
	EndGlobalSection
EndGlobal
