
Microsoft Visual Studio Solution File, Format Version 12.00
# Visual Studio 14
VisualStudioVersion = 14.0.25123.0
MinimumVisualStudioVersion = 10.0.40219.1
Project("{2150E333-8FDC-42A3-9474-1A3956D46DE8}") = "Solution Items", "Solution Items", "{59D5FBFC-4C79-43B7-AA86-7A2642B097AA}"
	ProjectSection(SolutionItems) = preProject
		GlobalAssemblyInfo.cs = GlobalAssemblyInfo.cs
		..\README.md = ..\README.md
		Settings.StyleCop = Settings.StyleCop
		..\.teamcity\Irc_Helpmebot\buildTypes\Helpmebot_Build.xml = ..\.teamcity\Irc_Helpmebot\buildTypes\Helpmebot_Build.xml
	EndProjectSection
EndProject
Project("{FAE04EC0-301F-11D3-BF4B-00C04F79EFBC}") = "Helpmebot", "Helpmebot\Helpmebot.csproj", "{B9DDF39F-2C6C-4C0F-9DA4-10C934DD24BD}"
EndProject
Project("{FAE04EC0-301F-11D3-BF4B-00C04F79EFBC}") = "Helpmebot.Tests", "Helpmebot.Tests\Helpmebot.Tests.csproj", "{DA757802-7D79-4FB0-8586-7CEE113A97F8}"
EndProject
Project("{FAE04EC0-301F-11D3-BF4B-00C04F79EFBC}") = "Helpmebot.Commands", "Helpmebot.Commands\Helpmebot.Commands.csproj", "{B86F6C7C-D9CC-46A1-8945-4E58F9977F19}"
EndProject
Project("{FAE04EC0-301F-11D3-BF4B-00C04F79EFBC}") = "Helpmebot.Brain", "Helpmebot.Brain\Helpmebot.Brain.csproj", "{89F1DFBD-897B-4461-8D86-53D514E7E143}"
EndProject
Project("{FAE04EC0-301F-11D3-BF4B-00C04F79EFBC}") = "Helpmebot.CategoryWatcher", "Helpmebot.CategoryWatcher\Helpmebot.CategoryWatcher.csproj", "{BEDB0AB1-20E3-4345-B15A-CCCA7CC19A20}"
EndProject
Project("{FAE04EC0-301F-11D3-BF4B-00C04F79EFBC}") = "Helpmebot.ChannelServices", "Helpmebot.ChannelServices\Helpmebot.ChannelServices.csproj", "{E5D06861-3C24-47C8-8538-DF6A45D66892}"
EndProject
Project("{FAE04EC0-301F-11D3-BF4B-00C04F79EFBC}") = "Helpmebot.AccountCreations", "Helpmebot.AccountCreations\Helpmebot.AccountCreations.csproj", "{06F36E16-2A9B-4D25-B414-492A1634BCDF}"
EndProject
Project("{FAE04EC0-301F-11D3-BF4B-00C04F79EFBC}") = "Helpmebot.Configuration", "Helpmebot.Configuration\Helpmebot.Configuration.csproj", "{F5E4256A-B57F-4F8F-905F-EF85C925ADF7}"
EndProject
Project("{FAE04EC0-301F-11D3-BF4B-00C04F79EFBC}") = "Helpmebot.CoreServices", "Helpmebot.CoreServices\Helpmebot.CoreServices.csproj", "{BBF8FDD2-E673-488F-B379-A41E2FA4A087}"
EndProject
Project("{2150E333-8FDC-42A3-9474-1A3956D46DE8}") = "Modules", "Modules", "{AF638120-4152-41AF-9CD3-14CDF78A7760}"
EndProject
Global
	GlobalSection(SolutionConfigurationPlatforms) = preSolution
		Release|Any CPU = Release|Any CPU
		Debug|Any CPU = Debug|Any CPU
	EndGlobalSection
	GlobalSection(ProjectConfigurationPlatforms) = postSolution
		{B9DDF39F-2C6C-4C0F-9DA4-10C934DD24BD}.Release|Any CPU.ActiveCfg = Release|Any CPU
		{B9DDF39F-2C6C-4C0F-9DA4-10C934DD24BD}.Release|Any CPU.Build.0 = Release|Any CPU
		{B9DDF39F-2C6C-4C0F-9DA4-10C934DD24BD}.Debug|Any CPU.ActiveCfg = Debug|Any CPU
		{B9DDF39F-2C6C-4C0F-9DA4-10C934DD24BD}.Debug|Any CPU.Build.0 = Debug|Any CPU
		{DA757802-7D79-4FB0-8586-7CEE113A97F8}.Release|Any CPU.ActiveCfg = Release|Any CPU
		{DA757802-7D79-4FB0-8586-7CEE113A97F8}.Release|Any CPU.Build.0 = Release|Any CPU
		{DA757802-7D79-4FB0-8586-7CEE113A97F8}.Debug|Any CPU.ActiveCfg = Debug|Any CPU
		{DA757802-7D79-4FB0-8586-7CEE113A97F8}.Debug|Any CPU.Build.0 = Debug|Any CPU
		{B86F6C7C-D9CC-46A1-8945-4E58F9977F19}.Release|Any CPU.ActiveCfg = Release|Any CPU
		{B86F6C7C-D9CC-46A1-8945-4E58F9977F19}.Release|Any CPU.Build.0 = Release|Any CPU
		{B86F6C7C-D9CC-46A1-8945-4E58F9977F19}.Debug|Any CPU.ActiveCfg = Debug|Any CPU
		{B86F6C7C-D9CC-46A1-8945-4E58F9977F19}.Debug|Any CPU.Build.0 = Debug|Any CPU
		{89F1DFBD-897B-4461-8D86-53D514E7E143}.Release|Any CPU.ActiveCfg = Release|Any CPU
		{89F1DFBD-897B-4461-8D86-53D514E7E143}.Release|Any CPU.Build.0 = Release|Any CPU
		{89F1DFBD-897B-4461-8D86-53D514E7E143}.Debug|Any CPU.ActiveCfg = Debug|Any CPU
		{89F1DFBD-897B-4461-8D86-53D514E7E143}.Debug|Any CPU.Build.0 = Debug|Any CPU
		{BEDB0AB1-20E3-4345-B15A-CCCA7CC19A20}.Release|Any CPU.ActiveCfg = Release|Any CPU
		{BEDB0AB1-20E3-4345-B15A-CCCA7CC19A20}.Release|Any CPU.Build.0 = Release|Any CPU
		{BEDB0AB1-20E3-4345-B15A-CCCA7CC19A20}.Debug|Any CPU.ActiveCfg = Debug|Any CPU
		{BEDB0AB1-20E3-4345-B15A-CCCA7CC19A20}.Debug|Any CPU.Build.0 = Debug|Any CPU
		{E5D06861-3C24-47C8-8538-DF6A45D66892}.Release|Any CPU.ActiveCfg = Release|Any CPU
		{E5D06861-3C24-47C8-8538-DF6A45D66892}.Release|Any CPU.Build.0 = Release|Any CPU
		{E5D06861-3C24-47C8-8538-DF6A45D66892}.Debug|Any CPU.ActiveCfg = Debug|Any CPU
		{E5D06861-3C24-47C8-8538-DF6A45D66892}.Debug|Any CPU.Build.0 = Debug|Any CPU
		{06F36E16-2A9B-4D25-B414-492A1634BCDF}.Release|Any CPU.ActiveCfg = Release|Any CPU
		{06F36E16-2A9B-4D25-B414-492A1634BCDF}.Release|Any CPU.Build.0 = Release|Any CPU
		{06F36E16-2A9B-4D25-B414-492A1634BCDF}.Debug|Any CPU.ActiveCfg = Debug|Any CPU
		{06F36E16-2A9B-4D25-B414-492A1634BCDF}.Debug|Any CPU.Build.0 = Debug|Any CPU
		{F5E4256A-B57F-4F8F-905F-EF85C925ADF7}.Release|Any CPU.ActiveCfg = Release|Any CPU
		{F5E4256A-B57F-4F8F-905F-EF85C925ADF7}.Release|Any CPU.Build.0 = Release|Any CPU
		{F5E4256A-B57F-4F8F-905F-EF85C925ADF7}.Debug|Any CPU.ActiveCfg = Debug|Any CPU
		{F5E4256A-B57F-4F8F-905F-EF85C925ADF7}.Debug|Any CPU.Build.0 = Debug|Any CPU
		{BBF8FDD2-E673-488F-B379-A41E2FA4A087}.Release|Any CPU.ActiveCfg = Release|Any CPU
		{BBF8FDD2-E673-488F-B379-A41E2FA4A087}.Release|Any CPU.Build.0 = Release|Any CPU
		{BBF8FDD2-E673-488F-B379-A41E2FA4A087}.Debug|Any CPU.ActiveCfg = Debug|Any CPU
		{BBF8FDD2-E673-488F-B379-A41E2FA4A087}.Debug|Any CPU.Build.0 = Debug|Any CPU
	EndGlobalSection
	GlobalSection(SolutionProperties) = preSolution
		HideSolutionNode = FALSE
	EndGlobalSection
	GlobalSection(NestedProjects) = preSolution
		{E5D06861-3C24-47C8-8538-DF6A45D66892} = {AF638120-4152-41AF-9CD3-14CDF78A7760}
		{06F36E16-2A9B-4D25-B414-492A1634BCDF} = {AF638120-4152-41AF-9CD3-14CDF78A7760}
		{B86F6C7C-D9CC-46A1-8945-4E58F9977F19} = {AF638120-4152-41AF-9CD3-14CDF78A7760}
		{BEDB0AB1-20E3-4345-B15A-CCCA7CC19A20} = {AF638120-4152-41AF-9CD3-14CDF78A7760}
		{89F1DFBD-897B-4461-8D86-53D514E7E143} = {AF638120-4152-41AF-9CD3-14CDF78A7760}
	EndGlobalSection
EndGlobal
